// !$*UTF8*$!
{
	archiveVersion = 1;
	classes = {
	};
	objectVersion = 46;
	objects = {

/* Begin PBXBuildFile section */
		264A85C2188CF6A9007B1301 /* Foundation.framework in Frameworks */ = {isa = PBXBuildFile; fileRef = 264A85C1188CF6A9007B1301 /* Foundation.framework */; };
		264A85C4188CF6A9007B1301 /* CoreGraphics.framework in Frameworks */ = {isa = PBXBuildFile; fileRef = 264A85C3188CF6A9007B1301 /* CoreGraphics.framework */; };
		264A85C6188CF6A9007B1301 /* UIKit.framework in Frameworks */ = {isa = PBXBuildFile; fileRef = 264A85C5188CF6A9007B1301 /* UIKit.framework */; };
		264A85CC188CF6A9007B1301 /* InfoPlist.strings in Resources */ = {isa = PBXBuildFile; fileRef = 264A85CA188CF6A9007B1301 /* InfoPlist.strings */; };
		264A85CE188CF6A9007B1301 /* main.m in Sources */ = {isa = PBXBuildFile; fileRef = 264A85CD188CF6A9007B1301 /* main.m */; };
		264A85D2188CF6AA007B1301 /* AppDelegate.m in Sources */ = {isa = PBXBuildFile; fileRef = 264A85D1188CF6AA007B1301 /* AppDelegate.m */; };
		264A85D4188CF6AA007B1301 /* Images.xcassets in Resources */ = {isa = PBXBuildFile; fileRef = 264A85D3188CF6AA007B1301 /* Images.xcassets */; };
		264A85DB188CF6AA007B1301 /* XCTest.framework in Frameworks */ = {isa = PBXBuildFile; fileRef = 264A85DA188CF6AA007B1301 /* XCTest.framework */; };
		264A85DC188CF6AA007B1301 /* Foundation.framework in Frameworks */ = {isa = PBXBuildFile; fileRef = 264A85C1188CF6A9007B1301 /* Foundation.framework */; };
		264A85DD188CF6AA007B1301 /* UIKit.framework in Frameworks */ = {isa = PBXBuildFile; fileRef = 264A85C5188CF6A9007B1301 /* UIKit.framework */; };
		264A85E5188CF6AA007B1301 /* InfoPlist.strings in Resources */ = {isa = PBXBuildFile; fileRef = 264A85E3188CF6AA007B1301 /* InfoPlist.strings */; };
		264A85E7188CF6AA007B1301 /* TempConverterTests.m in Sources */ = {isa = PBXBuildFile; fileRef = 264A85E6188CF6AA007B1301 /* TempConverterTests.m */; };
/* End PBXBuildFile section */

/* Begin PBXContainerItemProxy section */
		264A85DE188CF6AA007B1301 /* PBXContainerItemProxy */ = {
			isa = PBXContainerItemProxy;
			containerPortal = 264A85B6188CF6A9007B1301 /* Project object */;
			proxyType = 1;
			remoteGlobalIDString = 264A85BD188CF6A9007B1301;
			remoteInfo = TempConverter;
		};
/* End PBXContainerItemProxy section */

/* Begin PBXFileReference section */
		264A85BE188CF6A9007B1301 /* TempConverter.app */ = {isa = PBXFileReference; explicitFileType = wrapper.application; includeInIndex = 0; path = TempConverter.app; sourceTree = BUILT_PRODUCTS_DIR; };
		264A85C1188CF6A9007B1301 /* Foundation.framework */ = {isa = PBXFileReference; lastKnownFileType = wrapper.framework; name = Foundation.framework; path = System/Library/Frameworks/Foundation.framework; sourceTree = SDKROOT; };
		264A85C3188CF6A9007B1301 /* CoreGraphics.framework */ = {isa = PBXFileReference; lastKnownFileType = wrapper.framework; name = CoreGraphics.framework; path = System/Library/Frameworks/CoreGraphics.framework; sourceTree = SDKROOT; };
		264A85C5188CF6A9007B1301 /* UIKit.framework */ = {isa = PBXFileReference; lastKnownFileType = wrapper.framework; name = UIKit.framework; path = System/Library/Frameworks/UIKit.framework; sourceTree = SDKROOT; };
		264A85C9188CF6A9007B1301 /* TempConverter-Info.plist */ = {isa = PBXFileReference; lastKnownFileType = text.plist.xml; path = "TempConverter-Info.plist"; sourceTree = "<group>"; };
		264A85CB188CF6A9007B1301 /* en */ = {isa = PBXFileReference; lastKnownFileType = text.plist.strings; name = en; path = en.lproj/InfoPlist.strings; sourceTree = "<group>"; };
		264A85CD188CF6A9007B1301 /* main.m */ = {isa = PBXFileReference; lastKnownFileType = sourcecode.c.objc; path = main.m; sourceTree = "<group>"; };
		264A85CF188CF6AA007B1301 /* TempConverter-Prefix.pch */ = {isa = PBXFileReference; lastKnownFileType = sourcecode.c.h; path = "TempConverter-Prefix.pch"; sourceTree = "<group>"; };
		264A85D0188CF6AA007B1301 /* AppDelegate.h */ = {isa = PBXFileReference; lastKnownFileType = sourcecode.c.h; path = AppDelegate.h; sourceTree = "<group>"; };
		264A85D1188CF6AA007B1301 /* AppDelegate.m */ = {isa = PBXFileReference; lastKnownFileType = sourcecode.c.objc; path = AppDelegate.m; sourceTree = "<group>"; };
		264A85D3188CF6AA007B1301 /* Images.xcassets */ = {isa = PBXFileReference; lastKnownFileType = folder.assetcatalog; path = Images.xcassets; sourceTree = "<group>"; };
		264A85D9188CF6AA007B1301 /* TempConverterTests.xctest */ = {isa = PBXFileReference; explicitFileType = wrapper.cfbundle; includeInIndex = 0; path = TempConverterTests.xctest; sourceTree = BUILT_PRODUCTS_DIR; };
		264A85DA188CF6AA007B1301 /* XCTest.framework */ = {isa = PBXFileReference; lastKnownFileType = wrapper.framework; name = XCTest.framework; path = Library/Frameworks/XCTest.framework; sourceTree = DEVELOPER_DIR; };
		264A85E2188CF6AA007B1301 /* TempConverterTests-Info.plist */ = {isa = PBXFileReference; lastKnownFileType = text.plist.xml; path = "TempConverterTests-Info.plist"; sourceTree = "<group>"; };
		264A85E4188CF6AA007B1301 /* en */ = {isa = PBXFileReference; lastKnownFileType = text.plist.strings; name = en; path = en.lproj/InfoPlist.strings; sourceTree = "<group>"; };
		264A85E6188CF6AA007B1301 /* TempConverterTests.m */ = {isa = PBXFileReference; lastKnownFileType = sourcecode.c.objc; path = TempConverterTests.m; sourceTree = "<group>"; };
/* End PBXFileReference section */

/* Begin PBXFrameworksBuildPhase section */
		264A85BB188CF6A9007B1301 /* Frameworks */ = {
			isa = PBXFrameworksBuildPhase;
			buildActionMask = 2147483647;
			files = (
				264A85C4188CF6A9007B1301 /* CoreGraphics.framework in Frameworks */,
				264A85C6188CF6A9007B1301 /* UIKit.framework in Frameworks */,
				264A85C2188CF6A9007B1301 /* Foundation.framework in Frameworks */,
			);
			runOnlyForDeploymentPostprocessing = 0;
		};
		264A85D6188CF6AA007B1301 /* Frameworks */ = {
			isa = PBXFrameworksBuildPhase;
			buildActionMask = 2147483647;
			files = (
				264A85DB188CF6AA007B1301 /* XCTest.framework in Frameworks */,
				264A85DD188CF6AA007B1301 /* UIKit.framework in Frameworks */,
				264A85DC188CF6AA007B1301 /* Foundation.framework in Frameworks */,
			);
			runOnlyForDeploymentPostprocessing = 0;
		};
/* End PBXFrameworksBuildPhase section */

/* Begin PBXGroup section */
		264A85B5188CF6A9007B1301 = {
			isa = PBXGroup;
			children = (
				264A85C7188CF6A9007B1301 /* TempConverter */,
				264A85E0188CF6AA007B1301 /* TempConverterTests */,
				264A85C0188CF6A9007B1301 /* Frameworks */,
				264A85BF188CF6A9007B1301 /* Products */,
			);
			sourceTree = "<group>";
		};
		264A85BF188CF6A9007B1301 /* Products */ = {
			isa = PBXGroup;
			children = (
				264A85BE188CF6A9007B1301 /* TempConverter.app */,
				264A85D9188CF6AA007B1301 /* TempConverterTests.xctest */,
			);
			name = Products;
			sourceTree = "<group>";
		};
		264A85C0188CF6A9007B1301 /* Frameworks */ = {
			isa = PBXGroup;
			children = (
				264A85C1188CF6A9007B1301 /* Foundation.framework */,
				264A85C3188CF6A9007B1301 /* CoreGraphics.framework */,
				264A85C5188CF6A9007B1301 /* UIKit.framework */,
				264A85DA188CF6AA007B1301 /* XCTest.framework */,
			);
			name = Frameworks;
			sourceTree = "<group>";
		};
		264A85C7188CF6A9007B1301 /* TempConverter */ = {
			isa = PBXGroup;
			children = (
				264A85D0188CF6AA007B1301 /* AppDelegate.h */,
				264A85D1188CF6AA007B1301 /* AppDelegate.m */,
				264A85D3188CF6AA007B1301 /* Images.xcassets */,
				264A85C8188CF6A9007B1301 /* Supporting Files */,
			);
			path = TempConverter;
			sourceTree = "<group>";
		};
		264A85C8188CF6A9007B1301 /* Supporting Files */ = {
			isa = PBXGroup;
			children = (
				264A85C9188CF6A9007B1301 /* TempConverter-Info.plist */,
				264A85CA188CF6A9007B1301 /* InfoPlist.strings */,
				264A85CD188CF6A9007B1301 /* main.m */,
				264A85CF188CF6AA007B1301 /* TempConverter-Prefix.pch */,
			);
			name = "Supporting Files";
			sourceTree = "<group>";
		};
		264A85E0188CF6AA007B1301 /* TempConverterTests */ = {
			isa = PBXGroup;
			children = (
				264A85E6188CF6AA007B1301 /* TempConverterTests.m */,
				264A85E1188CF6AA007B1301 /* Supporting Files */,
			);
			path = TempConverterTests;
			sourceTree = "<group>";
		};
		264A85E1188CF6AA007B1301 /* Supporting Files */ = {
			isa = PBXGroup;
			children = (
				264A85E2188CF6AA007B1301 /* TempConverterTests-Info.plist */,
				264A85E3188CF6AA007B1301 /* InfoPlist.strings */,
			);
			name = "Supporting Files";
			sourceTree = "<group>";
		};
/* End PBXGroup section */

/* Begin PBXNativeTarget section */
		264A85BD188CF6A9007B1301 /* TempConverter */ = {
			isa = PBXNativeTarget;
			buildConfigurationList = 264A85EA188CF6AA007B1301 /* Build configuration list for PBXNativeTarget "TempConverter" */;
			buildPhases = (
				264A85BA188CF6A9007B1301 /* Sources */,
				264A85BB188CF6A9007B1301 /* Frameworks */,
				264A85BC188CF6A9007B1301 /* Resources */,
			);
			buildRules = (
			);
			dependencies = (
			);
			name = TempConverter;
			productName = TempConverter;
			productReference = 264A85BE188CF6A9007B1301 /* TempConverter.app */;
			productType = "com.apple.product-type.application";
		};
		264A85D8188CF6AA007B1301 /* TempConverterTests */ = {
			isa = PBXNativeTarget;
			buildConfigurationList = 264A85ED188CF6AA007B1301 /* Build configuration list for PBXNativeTarget "TempConverterTests" */;
			buildPhases = (
				264A85D5188CF6AA007B1301 /* Sources */,
				264A85D6188CF6AA007B1301 /* Frameworks */,
				264A85D7188CF6AA007B1301 /* Resources */,
			);
			buildRules = (
			);
			dependencies = (
				264A85DF188CF6AA007B1301 /* PBXTargetDependency */,
			);
			name = TempConverterTests;
			productName = TempConverterTests;
			productReference = 264A85D9188CF6AA007B1301 /* TempConverterTests.xctest */;
			productType = "com.apple.product-type.bundle.unit-test";
		};
/* End PBXNativeTarget section */

/* Begin PBXProject section */
		264A85B6188CF6A9007B1301 /* Project object */ = {
			isa = PBXProject;
			attributes = {
				LastUpgradeCheck = 0500;
				ORGANIZATIONNAME = "Jenny Kwan";
				TargetAttributes = {
					264A85D8188CF6AA007B1301 = {
						TestTargetID = 264A85BD188CF6A9007B1301;
					};
				};
			};
			buildConfigurationList = 264A85B9188CF6A9007B1301 /* Build configuration list for PBXProject "TempConverter" */;
			compatibilityVersion = "Xcode 3.2";
			developmentRegion = English;
			hasScannedForEncodings = 0;
			knownRegions = (
				en,
			);
			mainGroup = 264A85B5188CF6A9007B1301;
			productRefGroup = 264A85BF188CF6A9007B1301 /* Products */;
			projectDirPath = "";
			projectRoot = "";
			targets = (
				264A85BD188CF6A9007B1301 /* TempConverter */,
				264A85D8188CF6AA007B1301 /* TempConverterTests */,
			);
		};
/* End PBXProject section */

/* Begin PBXResourcesBuildPhase section */
		264A85BC188CF6A9007B1301 /* Resources */ = {
			isa = PBXResourcesBuildPhase;
			buildActionMask = 2147483647;
			files = (
				264A85CC188CF6A9007B1301 /* InfoPlist.strings in Resources */,
				264A85D4188CF6AA007B1301 /* Images.xcassets in Resources */,
			);
			runOnlyForDeploymentPostprocessing = 0;
		};
		264A85D7188CF6AA007B1301 /* Resources */ = {
			isa = PBXResourcesBuildPhase;
			buildActionMask = 2147483647;
			files = (
				264A85E5188CF6AA007B1301 /* InfoPlist.strings in Resources */,
			);
			runOnlyForDeploymentPostprocessing = 0;
		};
/* End PBXResourcesBuildPhase section */

/* Begin PBXSourcesBuildPhase section */
		264A85BA188CF6A9007B1301 /* Sources */ = {
			isa = PBXSourcesBuildPhase;
			buildActionMask = 2147483647;
			files = (
				264A85D2188CF6AA007B1301 /* AppDelegate.m in Sources */,
				264A85CE188CF6A9007B1301 /* main.m in Sources */,
			);
			runOnlyForDeploymentPostprocessing = 0;
		};
		264A85D5188CF6AA007B1301 /* Sources */ = {
			isa = PBXSourcesBuildPhase;
			buildActionMask = 2147483647;
			files = (
				264A85E7188CF6AA007B1301 /* TempConverterTests.m in Sources */,
			);
			runOnlyForDeploymentPostprocessing = 0;
		};
/* End PBXSourcesBuildPhase section */

/* Begin PBXTargetDependency section */
		264A85DF188CF6AA007B1301 /* PBXTargetDependency */ = {
			isa = PBXTargetDependency;
			target = 264A85BD188CF6A9007B1301 /* TempConverter */;
			targetProxy = 264A85DE188CF6AA007B1301 /* PBXContainerItemProxy */;
		};
/* End PBXTargetDependency section */

/* Begin PBXVariantGroup section */
		264A85CA188CF6A9007B1301 /* InfoPlist.strings */ = {
			isa = PBXVariantGroup;
			children = (
				264A85CB188CF6A9007B1301 /* en */,
			);
			name = InfoPlist.strings;
			sourceTree = "<group>";
		};
		264A85E3188CF6AA007B1301 /* InfoPlist.strings */ = {
			isa = PBXVariantGroup;
			children = (
				264A85E4188CF6AA007B1301 /* en */,
			);
			name = InfoPlist.strings;
			sourceTree = "<group>";
		};
/* End PBXVariantGroup section */

/* Begin XCBuildConfiguration section */
		264A85E8188CF6AA007B1301 /* Debug */ = {
			isa = XCBuildConfiguration;
			buildSettings = {
				ALWAYS_SEARCH_USER_PATHS = NO;
				ARCHS = "$(ARCHS_STANDARD_INCLUDING_64_BIT)";
				CLANG_CXX_LANGUAGE_STANDARD = "gnu++0x";
				CLANG_CXX_LIBRARY = "libc++";
				CLANG_ENABLE_MODULES = YES;
				CLANG_ENABLE_OBJC_ARC = YES;
				CLANG_WARN_BOOL_CONVERSION = YES;
				CLANG_WARN_CONSTANT_CONVERSION = YES;
				CLANG_WARN_DIRECT_OBJC_ISA_USAGE = YES_ERROR;
				CLANG_WARN_EMPTY_BODY = YES;
				CLANG_WARN_ENUM_CONVERSION = YES;
				CLANG_WARN_INT_CONVERSION = YES;
				CLANG_WARN_OBJC_ROOT_CLASS = YES_ERROR;
				CLANG_WARN__DUPLICATE_METHOD_MATCH = YES;
				"CODE_SIGN_IDENTITY[sdk=iphoneos*]" = "iPhone Developer";
				COPY_PHASE_STRIP = NO;
				GCC_C_LANGUAGE_STANDARD = gnu99;
				GCC_DYNAMIC_NO_PIC = NO;
				GCC_OPTIMIZATION_LEVEL = 0;
				GCC_PREPROCESSOR_DEFINITIONS = (
					"DEBUG=1",
					"$(inherited)",
				);
				GCC_SYMBOLS_PRIVATE_EXTERN = NO;
				GCC_WARN_64_TO_32_BIT_CONVERSION = YES;
				GCC_WARN_ABOUT_RETURN_TYPE = YES_ERROR;
				GCC_WARN_UNDECLARED_SELECTOR = YES;
				GCC_WARN_UNINITIALIZED_AUTOS = YES;
				GCC_WARN_UNUSED_FUNCTION = YES;
				GCC_WARN_UNUSED_VARIABLE = YES;
				IPHONEOS_DEPLOYMENT_TARGET = 7.0;
				ONLY_ACTIVE_ARCH = YES;
				SDKROOT = iphoneos;
				TARGETED_DEVICE_FAMILY = "1,2";
			};
			name = Debug;
		};
		264A85E9188CF6AA007B1301 /* Release */ = {
			isa = XCBuildConfiguration;
			buildSettings = {
				ALWAYS_SEARCH_USER_PATHS = NO;
				ARCHS = "$(ARCHS_STANDARD_INCLUDING_64_BIT)";
				CLANG_CXX_LANGUAGE_STANDARD = "gnu++0x";
				CLANG_CXX_LIBRARY = "libc++";
				CLANG_ENABLE_MODULES = YES;
				CLANG_ENABLE_OBJC_ARC = YES;
				CLANG_WARN_BOOL_CONVERSION = YES;
				CLANG_WARN_CONSTANT_CONVERSION = YES;
				CLANG_WARN_DIRECT_OBJC_ISA_USAGE = YES_ERROR;
				CLANG_WARN_EMPTY_BODY = YES;
				CLANG_WARN_ENUM_CONVERSION = YES;
				CLANG_WARN_INT_CONVERSION = YES;
				CLANG_WARN_OBJC_ROOT_CLASS = YES_ERROR;
				CLANG_WARN__DUPLICATE_METHOD_MATCH = YES;
				"CODE_SIGN_IDENTITY[sdk=iphoneos*]" = "iPhone Developer";
				COPY_PHASE_STRIP = YES;
				ENABLE_NS_ASSERTIONS = NO;
				GCC_C_LANGUAGE_STANDARD = gnu99;
				GCC_WARN_64_TO_32_BIT_CONVERSION = YES;
				GCC_WARN_ABOUT_RETURN_TYPE = YES_ERROR;
				GCC_WARN_UNDECLARED_SELECTOR = YES;
				GCC_WARN_UNINITIALIZED_AUTOS = YES;
				GCC_WARN_UNUSED_FUNCTION = YES;
				GCC_WARN_UNUSED_VARIABLE = YES;
				IPHONEOS_DEPLOYMENT_TARGET = 7.0;
				SDKROOT = iphoneos;
				TARGETED_DEVICE_FAMILY = "1,2";
				VALIDATE_PRODUCT = YES;
			};
			name = Release;
		};
		264A85EB188CF6AA007B1301 /* Debug */ = {
			isa = XCBuildConfiguration;
			buildSettings = {
				ASSETCATALOG_COMPILER_APPICON_NAME = AppIcon;
				ASSETCATALOG_COMPILER_LAUNCHIMAGE_NAME = LaunchImage;
				GCC_PRECOMPILE_PREFIX_HEADER = YES;
				GCC_PREFIX_HEADER = "TempConverter/TempConverter-Prefix.pch";
				INFOPLIST_FILE = "TempConverter/TempConverter-Info.plist";
				PRODUCT_NAME = "$(TARGET_NAME)";
				WRAPPER_EXTENSION = app;
			};
			name = Debug;
		};
		264A85EC188CF6AA007B1301 /* Release */ = {
			isa = XCBuildConfiguration;
			buildSettings = {
				ASSETCATALOG_COMPILER_APPICON_NAME = AppIcon;
				ASSETCATALOG_COMPILER_LAUNCHIMAGE_NAME = LaunchImage;
				GCC_PRECOMPILE_PREFIX_HEADER = YES;
				GCC_PREFIX_HEADER = "TempConverter/TempConverter-Prefix.pch";
				INFOPLIST_FILE = "TempConverter/TempConverter-Info.plist";
				PRODUCT_NAME = "$(TARGET_NAME)";
				WRAPPER_EXTENSION = app;
			};
			name = Release;
		};
		264A85EE188CF6AA007B1301 /* Debug */ = {
			isa = XCBuildConfiguration;
			buildSettings = {
				ARCHS = "$(ARCHS_STANDARD_INCLUDING_64_BIT)";
				BUNDLE_LOADER = "$(BUILT_PRODUCTS_DIR)/TempConverter.app/TempConverter";
				FRAMEWORK_SEARCH_PATHS = (
					"$(SDKROOT)/Developer/Library/Frameworks",
					"$(inherited)",
					"$(DEVELOPER_FRAMEWORKS_DIR)",
				);
				GCC_PRECOMPILE_PREFIX_HEADER = YES;
				GCC_PREFIX_HEADER = "TempConverter/TempConverter-Prefix.pch";
				GCC_PREPROCESSOR_DEFINITIONS = (
					"DEBUG=1",
					"$(inherited)",
				);
				INFOPLIST_FILE = "TempConverterTests/TempConverterTests-Info.plist";
				PRODUCT_NAME = "$(TARGET_NAME)";
				TEST_HOST = "$(BUNDLE_LOADER)";
				WRAPPER_EXTENSION = xctest;
			};
			name = Debug;
		};
		264A85EF188CF6AA007B1301 /* Release */ = {
			isa = XCBuildConfiguration;
			buildSettings = {
				ARCHS = "$(ARCHS_STANDARD_INCLUDING_64_BIT)";
				BUNDLE_LOADER = "$(BUILT_PRODUCTS_DIR)/TempConverter.app/TempConverter";
				FRAMEWORK_SEARCH_PATHS = (
					"$(SDKROOT)/Developer/Library/Frameworks",
					"$(inherited)",
					"$(DEVELOPER_FRAMEWORKS_DIR)",
				);
				GCC_PRECOMPILE_PREFIX_HEADER = YES;
				GCC_PREFIX_HEADER = "TempConverter/TempConverter-Prefix.pch";
				INFOPLIST_FILE = "TempConverterTests/TempConverterTests-Info.plist";
				PRODUCT_NAME = "$(TARGET_NAME)";
				TEST_HOST = "$(BUNDLE_LOADER)";
				WRAPPER_EXTENSION = xctest;
			};
			name = Release;
		};
/* End XCBuildConfiguration section */

/* Begin XCConfigurationList section */
		264A85B9188CF6A9007B1301 /* Build configuration list for PBXProject "TempConverter" */ = {
			isa = XCConfigurationList;
			buildConfigurations = (
				264A85E8188CF6AA007B1301 /* Debug */,
				264A85E9188CF6AA007B1301 /* Release */,
			);
			defaultConfigurationIsVisible = 0;
			defaultConfigurationName = Release;
		};
		264A85EA188CF6AA007B1301 /* Build configuration list for PBXNativeTarget "TempConverter" */ = {
			isa = XCConfigurationList;
			buildConfigurations = (
				264A85EB188CF6AA007B1301 /* Debug */,
				264A85EC188CF6AA007B1301 /* Release */,
			);
			defaultConfigurationIsVisible = 0;
		};
		264A85ED188CF6AA007B1301 /* Build configuration list for PBXNativeTarget "TempConverterTests" */ = {
			isa = XCConfigurationList;
			buildConfigurations = (
				264A85EE188CF6AA007B1301 /* Debug */,
				264A85EF188CF6AA007B1301 /* Release */,
			);
			defaultConfigurationIsVisible = 0;
		};
/* End XCConfigurationList section */
	};
	rootObject = 264A85B6188CF6A9007B1301 /* Project object */;
}
